// !$*UTF8*$!
{
	archiveVersion = 1;
	classes = {
	};
	objectVersion = 48;
	objects = {

/* Begin PBXBuildFile section */
		83570C05203B6E5100D65039 /* main.swift in Sources */ = {isa = PBXBuildFile; fileRef = 83570C04203B6E5100D65039 /* main.swift */; };
		83570C10203B743400D65039 /* DFR.m in Sources */ = {isa = PBXBuildFile; fileRef = 83570C0F203B743400D65039 /* DFR.m */; };
		83570C13203B752600D65039 /* DFRFoundation.framework in Frameworks */ = {isa = PBXBuildFile; fileRef = 83570C12203B752600D65039 /* DFRFoundation.framework */; };
		83570C19203B759600D65039 /* SkyLight.framework in Frameworks */ = {isa = PBXBuildFile; fileRef = 83570C18203B759600D65039 /* SkyLight.framework */; };
		838A7F84203CB9950084F71C /* TouchbarRecorder.m in Sources */ = {isa = PBXBuildFile; fileRef = 838A7F83203CB9950084F71C /* TouchbarRecorder.m */; };
		83F0AD70203DF98900B808C6 /* FilenameGenerator.swift in Sources */ = {isa = PBXBuildFile; fileRef = 83F0AD6F203DF98900B808C6 /* FilenameGenerator.swift */; };
/* End PBXBuildFile section */

/* Begin PBXCopyFilesBuildPhase section */
		83570BFF203B6E5100D65039 /* CopyFiles */ = {
			isa = PBXCopyFilesBuildPhase;
			buildActionMask = 2147483647;
			dstPath = /usr/share/man/man1/;
			dstSubfolderSpec = 0;
			files = (
			);
			runOnlyForDeploymentPostprocessing = 1;
		};
/* End PBXCopyFilesBuildPhase section */

/* Begin PBXFileReference section */
		83570C01203B6E5100D65039 /* touchbar-recorder */ = {isa = PBXFileReference; explicitFileType = "compiled.mach-o.executable"; includeInIndex = 0; path = "touchbar-recorder"; sourceTree = BUILT_PRODUCTS_DIR; };
		83570C04203B6E5100D65039 /* main.swift */ = {isa = PBXFileReference; lastKnownFileType = sourcecode.swift; path = main.swift; sourceTree = "<group>"; };
		83570C0D203B743300D65039 /* touchbar-recorder-Bridging-Header.h */ = {isa = PBXFileReference; lastKnownFileType = sourcecode.c.h; path = "touchbar-recorder-Bridging-Header.h"; sourceTree = "<group>"; };
		83570C0E203B743400D65039 /* DFR.h */ = {isa = PBXFileReference; lastKnownFileType = sourcecode.c.h; path = DFR.h; sourceTree = "<group>"; };
		83570C0F203B743400D65039 /* DFR.m */ = {isa = PBXFileReference; lastKnownFileType = sourcecode.c.objc; path = DFR.m; sourceTree = "<group>"; };
		83570C12203B752600D65039 /* DFRFoundation.framework */ = {isa = PBXFileReference; lastKnownFileType = wrapper.framework; name = DFRFoundation.framework; path = ../../../../System/Library/PrivateFrameworks/DFRFoundation.framework; sourceTree = "<group>"; };
		83570C14203B753E00D65039 /* DFRDisplay.framework */ = {isa = PBXFileReference; lastKnownFileType = wrapper.framework; name = DFRDisplay.framework; path = ../../../../System/Library/PrivateFrameworks/DFRDisplay.framework; sourceTree = "<group>"; };
		83570C16203B755800D65039 /* DFRBrightness.framework */ = {isa = PBXFileReference; lastKnownFileType = wrapper.framework; name = DFRBrightness.framework; path = ../../../../System/Library/PrivateFrameworks/DFRBrightness.framework; sourceTree = "<group>"; };
		83570C18203B759600D65039 /* SkyLight.framework */ = {isa = PBXFileReference; lastKnownFileType = wrapper.framework; name = SkyLight.framework; path = ../../../../System/Library/PrivateFrameworks/SkyLight.framework; sourceTree = "<group>"; };
		838A7F82203CB9950084F71C /* TouchbarRecorder.h */ = {isa = PBXFileReference; lastKnownFileType = sourcecode.c.h; path = TouchbarRecorder.h; sourceTree = "<group>"; };
		838A7F83203CB9950084F71C /* TouchbarRecorder.m */ = {isa = PBXFileReference; lastKnownFileType = sourcecode.c.objc; path = TouchbarRecorder.m; sourceTree = "<group>"; };
		83F0AD6F203DF98900B808C6 /* FilenameGenerator.swift */ = {isa = PBXFileReference; lastKnownFileType = sourcecode.swift; path = FilenameGenerator.swift; sourceTree = "<group>"; };
/* End PBXFileReference section */

/* Begin PBXFrameworksBuildPhase section */
		83570BFE203B6E5100D65039 /* Frameworks */ = {
			isa = PBXFrameworksBuildPhase;
			buildActionMask = 2147483647;
			files = (
				83570C19203B759600D65039 /* SkyLight.framework in Frameworks */,
				83570C13203B752600D65039 /* DFRFoundation.framework in Frameworks */,
			);
			runOnlyForDeploymentPostprocessing = 0;
		};
/* End PBXFrameworksBuildPhase section */

/* Begin PBXGroup section */
		83570BF8203B6E5100D65039 = {
			isa = PBXGroup;
			children = (
				83570C03203B6E5100D65039 /* touchbar-recorder */,
				83570C02203B6E5100D65039 /* Products */,
				83570C11203B752600D65039 /* Frameworks */,
			);
			sourceTree = "<group>";
		};
		83570C02203B6E5100D65039 /* Products */ = {
			isa = PBXGroup;
			children = (
				83570C01203B6E5100D65039 /* touchbar-recorder */,
			);
			name = Products;
			sourceTree = "<group>";
		};
		83570C03203B6E5100D65039 /* touchbar-recorder */ = {
			isa = PBXGroup;
			children = (
				83570C04203B6E5100D65039 /* main.swift */,
				83570C0E203B743400D65039 /* DFR.h */,
				83570C0F203B743400D65039 /* DFR.m */,
				83570C0D203B743300D65039 /* touchbar-recorder-Bridging-Header.h */,
				838A7F82203CB9950084F71C /* TouchbarRecorder.h */,
				838A7F83203CB9950084F71C /* TouchbarRecorder.m */,
				83F0AD6F203DF98900B808C6 /* FilenameGenerator.swift */,
			);
			path = "touchbar-recorder";
			sourceTree = "<group>";
		};
		83570C11203B752600D65039 /* Frameworks */ = {
			isa = PBXGroup;
			children = (
				83570C18203B759600D65039 /* SkyLight.framework */,
				83570C16203B755800D65039 /* DFRBrightness.framework */,
				83570C14203B753E00D65039 /* DFRDisplay.framework */,
				83570C12203B752600D65039 /* DFRFoundation.framework */,
			);
			name = Frameworks;
			sourceTree = "<group>";
		};
/* End PBXGroup section */

/* Begin PBXNativeTarget section */
		83570C00203B6E5100D65039 /* touchbar-recorder */ = {
			isa = PBXNativeTarget;
			buildConfigurationList = 83570C08203B6E5100D65039 /* Build configuration list for PBXNativeTarget "touchbar-recorder" */;
			buildPhases = (
				83570BFD203B6E5100D65039 /* Sources */,
				83570BFE203B6E5100D65039 /* Frameworks */,
				83570BFF203B6E5100D65039 /* CopyFiles */,
			);
			buildRules = (
			);
			dependencies = (
			);
			name = "touchbar-recorder";
			productName = "touchbar-recorder";
			productReference = 83570C01203B6E5100D65039 /* touchbar-recorder */;
			productType = "com.apple.product-type.tool";
		};
/* End PBXNativeTarget section */

/* Begin PBXProject section */
		83570BF9203B6E5100D65039 /* Project object */ = {
			isa = PBXProject;
			attributes = {
				LastSwiftUpdateCheck = 0920;
				LastUpgradeCheck = 0920;
				ORGANIZATIONNAME = "Christoph Leimbrock";
				TargetAttributes = {
					83570C00203B6E5100D65039 = {
						CreatedOnToolsVersion = 9.2;
						LastSwiftMigration = 0920;
						ProvisioningStyle = Automatic;
					};
				};
			};
			buildConfigurationList = 83570BFC203B6E5100D65039 /* Build configuration list for PBXProject "touchbar-recorder" */;
			compatibilityVersion = "Xcode 8.0";
			developmentRegion = en;
			hasScannedForEncodings = 0;
			knownRegions = (
				en,
			);
			mainGroup = 83570BF8203B6E5100D65039;
			productRefGroup = 83570C02203B6E5100D65039 /* Products */;
			projectDirPath = "";
			projectRoot = "";
			targets = (
				83570C00203B6E5100D65039 /* touchbar-recorder */,
			);
		};
/* End PBXProject section */

/* Begin PBXSourcesBuildPhase section */
		83570BFD203B6E5100D65039 /* Sources */ = {
			isa = PBXSourcesBuildPhase;
			buildActionMask = 2147483647;
			files = (
				83570C10203B743400D65039 /* DFR.m in Sources */,
				83570C05203B6E5100D65039 /* main.swift in Sources */,
				83F0AD70203DF98900B808C6 /* FilenameGenerator.swift in Sources */,
				838A7F84203CB9950084F71C /* TouchbarRecorder.m in Sources */,
			);
			runOnlyForDeploymentPostprocessing = 0;
		};
/* End PBXSourcesBuildPhase section */

/* Begin XCBuildConfiguration section */
		83570C06203B6E5100D65039 /* Debug */ = {
			isa = XCBuildConfiguration;
			buildSettings = {
				ALWAYS_SEARCH_USER_PATHS = NO;
				CLANG_ANALYZER_NONNULL = YES;
				CLANG_ANALYZER_NUMBER_OBJECT_CONVERSION = YES_AGGRESSIVE;
				CLANG_CXX_LANGUAGE_STANDARD = "gnu++14";
				CLANG_CXX_LIBRARY = "libc++";
				CLANG_ENABLE_MODULES = YES;
				CLANG_ENABLE_OBJC_ARC = YES;
				CLANG_WARN_BLOCK_CAPTURE_AUTORELEASING = YES;
				CLANG_WARN_BOOL_CONVERSION = YES;
				CLANG_WARN_COMMA = YES;
				CLANG_WARN_CONSTANT_CONVERSION = YES;
				CLANG_WARN_DIRECT_OBJC_ISA_USAGE = YES_ERROR;
				CLANG_WARN_DOCUMENTATION_COMMENTS = YES;
				CLANG_WARN_EMPTY_BODY = YES;
				CLANG_WARN_ENUM_CONVERSION = YES;
				CLANG_WARN_INFINITE_RECURSION = YES;
				CLANG_WARN_INT_CONVERSION = YES;
				CLANG_WARN_NON_LITERAL_NULL_CONVERSION = YES;
				CLANG_WARN_OBJC_LITERAL_CONVERSION = YES;
				CLANG_WARN_OBJC_ROOT_CLASS = YES_ERROR;
				CLANG_WARN_RANGE_LOOP_ANALYSIS = YES;
				CLANG_WARN_STRICT_PROTOTYPES = YES;
				CLANG_WARN_SUSPICIOUS_MOVE = YES;
				CLANG_WARN_UNGUARDED_AVAILABILITY = YES_AGGRESSIVE;
				CLANG_WARN_UNREACHABLE_CODE = YES;
				CLANG_WARN__DUPLICATE_METHOD_MATCH = YES;
				CODE_SIGN_IDENTITY = "-";
				COPY_PHASE_STRIP = NO;
				DEBUG_INFORMATION_FORMAT = dwarf;
				ENABLE_STRICT_OBJC_MSGSEND = YES;
				ENABLE_TESTABILITY = YES;
				GCC_C_LANGUAGE_STANDARD = gnu11;
				GCC_DYNAMIC_NO_PIC = NO;
				GCC_NO_COMMON_BLOCKS = YES;
				GCC_OPTIMIZATION_LEVEL = 0;
				GCC_PREPROCESSOR_DEFINITIONS = (
					"DEBUG=1",
					"$(inherited)",
				);
				GCC_WARN_64_TO_32_BIT_CONVERSION = YES;
				GCC_WARN_ABOUT_RETURN_TYPE = YES_ERROR;
				GCC_WARN_UNDECLARED_SELECTOR = YES;
				GCC_WARN_UNINITIALIZED_AUTOS = YES_AGGRESSIVE;
				GCC_WARN_UNUSED_FUNCTION = YES;
				GCC_WARN_UNUSED_VARIABLE = YES;
				MACOSX_DEPLOYMENT_TARGET = 10.13;
				MTL_ENABLE_DEBUG_INFO = YES;
				ONLY_ACTIVE_ARCH = YES;
				SDKROOT = macosx;
				SWIFT_ACTIVE_COMPILATION_CONDITIONS = DEBUG;
				SWIFT_OPTIMIZATION_LEVEL = "-Onone";
			};
			name = Debug;
		};
		83570C07203B6E5100D65039 /* Release */ = {
			isa = XCBuildConfiguration;
			buildSettings = {
				ALWAYS_SEARCH_USER_PATHS = NO;
				CLANG_ANALYZER_NONNULL = YES;
				CLANG_ANALYZER_NUMBER_OBJECT_CONVERSION = YES_AGGRESSIVE;
				CLANG_CXX_LANGUAGE_STANDARD = "gnu++14";
				CLANG_CXX_LIBRARY = "libc++";
				CLANG_ENABLE_MODULES = YES;
				CLANG_ENABLE_OBJC_ARC = YES;
				CLANG_WARN_BLOCK_CAPTURE_AUTORELEASING = YES;
				CLANG_WARN_BOOL_CONVERSION = YES;
				CLANG_WARN_COMMA = YES;
				CLANG_WARN_CONSTANT_CONVERSION = YES;
				CLANG_WARN_DIRECT_OBJC_ISA_USAGE = YES_ERROR;
				CLANG_WARN_DOCUMENTATION_COMMENTS = YES;
				CLANG_WARN_EMPTY_BODY = YES;
				CLANG_WARN_ENUM_CONVERSION = YES;
				CLANG_WARN_INFINITE_RECURSION = YES;
				CLANG_WARN_INT_CONVERSION = YES;
				CLANG_WARN_NON_LITERAL_NULL_CONVERSION = YES;
				CLANG_WARN_OBJC_LITERAL_CONVERSION = YES;
				CLANG_WARN_OBJC_ROOT_CLASS = YES_ERROR;
				CLANG_WARN_RANGE_LOOP_ANALYSIS = YES;
				CLANG_WARN_STRICT_PROTOTYPES = YES;
				CLANG_WARN_SUSPICIOUS_MOVE = YES;
				CLANG_WARN_UNGUARDED_AVAILABILITY = YES_AGGRESSIVE;
				CLANG_WARN_UNREACHABLE_CODE = YES;
				CLANG_WARN__DUPLICATE_METHOD_MATCH = YES;
				CODE_SIGN_IDENTITY = "-";
				COPY_PHASE_STRIP = NO;
				DEBUG_INFORMATION_FORMAT = "dwarf-with-dsym";
				ENABLE_NS_ASSERTIONS = NO;
				ENABLE_STRICT_OBJC_MSGSEND = YES;
				GCC_C_LANGUAGE_STANDARD = gnu11;
				GCC_NO_COMMON_BLOCKS = YES;
				GCC_WARN_64_TO_32_BIT_CONVERSION = YES;
				GCC_WARN_ABOUT_RETURN_TYPE = YES_ERROR;
				GCC_WARN_UNDECLARED_SELECTOR = YES;
				GCC_WARN_UNINITIALIZED_AUTOS = YES_AGGRESSIVE;
				GCC_WARN_UNUSED_FUNCTION = YES;
				GCC_WARN_UNUSED_VARIABLE = YES;
				MACOSX_DEPLOYMENT_TARGET = 10.13;
				MTL_ENABLE_DEBUG_INFO = NO;
				SDKROOT = macosx;
				SWIFT_OPTIMIZATION_LEVEL = "-Owholemodule";
			};
			name = Release;
		};
		83570C09203B6E5100D65039 /* Debug */ = {
			isa = XCBuildConfiguration;
			buildSettings = {
				CLANG_ENABLE_MODULES = YES;
				CODE_SIGN_STYLE = Automatic;
				FRAMEWORK_SEARCH_PATHS = (
					"$(inherited)",
					"$(SYSTEM_LIBRARY_DIR)/PrivateFrameworks",
				);
				LD_RUNPATH_SEARCH_PATHS = "$(inherited) @executable_path/../Frameworks @loader_path/../Frameworks";
				PRODUCT_NAME = "$(TARGET_NAME)";
				SWIFT_OBJC_BRIDGING_HEADER = "touchbar-recorder/touchbar-recorder-Bridging-Header.h";
				SWIFT_OPTIMIZATION_LEVEL = "-Onone";
				SWIFT_VERSION = 4.0;
			};
			name = Debug;
		};
		83570C0A203B6E5100D65039 /* Release */ = {
			isa = XCBuildConfiguration;
			buildSettings = {
				CLANG_ENABLE_MODULES = YES;
				CODE_SIGN_STYLE = Automatic;
				FRAMEWORK_SEARCH_PATHS = (
					"$(inherited)",
					"$(SYSTEM_LIBRARY_DIR)/PrivateFrameworks",
				);
				LD_RUNPATH_SEARCH_PATHS = "$(inherited) @executable_path/../Frameworks @loader_path/../Frameworks";
				PRODUCT_NAME = "$(TARGET_NAME)";
				SWIFT_OBJC_BRIDGING_HEADER = "touchbar-recorder/touchbar-recorder-Bridging-Header.h";
				SWIFT_VERSION = 4.0;
			};
			name = Release;
		};
/* End XCBuildConfiguration section */

/* Begin XCConfigurationList section */
		83570BFC203B6E5100D65039 /* Build configuration list for PBXProject "touchbar-recorder" */ = {
			isa = XCConfigurationList;
			buildConfigurations = (
				83570C06203B6E5100D65039 /* Debug */,
				83570C07203B6E5100D65039 /* Release */,
			);
			defaultConfigurationIsVisible = 0;
			defaultConfigurationName = Release;
		};
		83570C08203B6E5100D65039 /* Build configuration list for PBXNativeTarget "touchbar-recorder" */ = {
			isa = XCConfigurationList;
			buildConfigurations = (
				83570C09203B6E5100D65039 /* Debug */,
				83570C0A203B6E5100D65039 /* Release */,
			);
			defaultConfigurationIsVisible = 0;
			defaultConfigurationName = Release;
		};
/* End XCConfigurationList section */
	};
	rootObject = 83570BF9203B6E5100D65039 /* Project object */;
}
